
Microsoft Visual Studio Solution File, Format Version 12.00
# Visual Studio 15
VisualStudioVersion = 15.0.26730.12
MinimumVisualStudioVersion = 10.0.40219.1
Project("{2150E333-8FDC-42A3-9474-1A3956D46DE8}") = "01_Framework", "01_Framework", "{205421C1-CB25-4D86-81DB-43E8F6B901CA}"
EndProject
Project("{2150E333-8FDC-42A3-9474-1A3956D46DE8}") = "02_Repositories", "02_Repositories", "{9997DDA8-4AC8-4C39-BC70-614209615611}"
EndProject
Project("{2150E333-8FDC-42A3-9474-1A3956D46DE8}") = "03_Services", "03_Services", "{8D0164DD-F16A-4B26-B64A-CA6394DF53CB}"
EndProject
Project("{2150E333-8FDC-42A3-9474-1A3956D46DE8}") = "04_Common", "04_Common", "{DDF676C8-F755-4C8C-8BCC-F31D7B87C822}"
EndProject
Project("{2150E333-8FDC-42A3-9474-1A3956D46DE8}") = "05_Web", "05_Web", "{5DD25082-E7AC-4414-8EA9-8471E8197DFA}"
EndProject
Project("{FAE04EC0-301F-11D3-BF4B-00C04F79EFBC}") = "EB.ISCS.FrameworkEntity", "01_Framewrok\EB.ISCS.FrameworkEntity\EB.ISCS.FrameworkEntity.csproj", "{ADA56B1A-FC57-423C-BA04-7500B25E69FE}"
EndProject
Project("{FAE04EC0-301F-11D3-BF4B-00C04F79EFBC}") = "EB.ISCS.DapperServices", "02_Repositories\EB.ISCS.DapperServices\EB.ISCS.DapperServices.csproj", "{143BE668-DF9E-4806-9ECB-57B9CD8096B8}"
EndProject
Project("{FAE04EC0-301F-11D3-BF4B-00C04F79EFBC}") = "EB.ISCS.Common", "04_Common\EB.ISCS.Common\EB.ISCS.Common.csproj", "{5C1F5E0C-536D-416A-992D-622050DAC453}"
EndProject
Project("{FAE04EC0-301F-11D3-BF4B-00C04F79EFBC}") = "EB.ISCS.WebApi", "05_Web\EB.ISCS.WebApi\EB.ISCS.WebApi.csproj", "{3218DA42-918B-43F5-BE4F-529110C52BCA}"
EndProject
Project("{FAE04EC0-301F-11D3-BF4B-00C04F79EFBC}") = "EB.ISCS.FrameworkHelp", "01_Framewrok\EB.ISCS.FrameworkHelp\EB.ISCS.FrameworkHelp.csproj", "{E63E87CC-005F-4538-828D-345A90D3C54B}"
EndProject
Project("{FAE04EC0-301F-11D3-BF4B-00C04F79EFBC}") = "EB.ISCS.Admin", "05_Web\EB.ISCS.Admin\EB.ISCS.Admin.csproj", "{2848C539-ED15-4DB4-80ED-70676CFD00A6}"
EndProject
Project("{FAE04EC0-301F-11D3-BF4B-00C04F79EFBC}") = "EB.ISCS.FrameworkLog", "01_Framewrok\EB.ISCS.FrameworkLog\EB.ISCS.FrameworkLog.csproj", "{1D278961-C024-449B-B878-1DE256EB0715}"
EndProject
Project("{FAE04EC0-301F-11D3-BF4B-00C04F79EFBC}") = "EB.ISCS.ToolService", "03_Services\EB.ISCS.ToolService\EB.ISCS.ToolService.csproj", "{75394B3E-E733-4D6A-9917-0707908DC82D}"
EndProject
Project("{2150E333-8FDC-42A3-9474-1A3956D46DE8}") = "06_Design", "06_Design", "{FFC64C02-39C0-486A-B402-A751FE669D8E}"
EndProject
Project("{2150E333-8FDC-42A3-9474-1A3956D46DE8}") = "Db", "Db", "{304C4260-BECD-43D9-A710-DD2BAF1BC8EB}"
	ProjectSection(SolutionItems) = preProject
		06_Design\Db\ElectronicBusiness.pdm = 06_Design\Db\ElectronicBusiness.pdm
		tables.txt = tables.txt
	EndProjectSection
EndProject
Project("{2150E333-8FDC-42A3-9474-1A3956D46DE8}") = "Doc", "Doc", "{64230CCD-333F-470D-B03F-0427FB10DA9A}"
	ProjectSection(SolutionItems) = preProject
		06_Design\Doc\数据分析平台设计方案.docx = 06_Design\Doc\数据分析平台设计方案.docx
	EndProjectSection
EndProject
Global
	GlobalSection(SolutionConfigurationPlatforms) = preSolution
		Debug|Any CPU = Debug|Any CPU
		Release|Any CPU = Release|Any CPU
	EndGlobalSection
	GlobalSection(ProjectConfigurationPlatforms) = postSolution
		{ADA56B1A-FC57-423C-BA04-7500B25E69FE}.Debug|Any CPU.ActiveCfg = Debug|Any CPU
		{ADA56B1A-FC57-423C-BA04-7500B25E69FE}.Debug|Any CPU.Build.0 = Debug|Any CPU
		{ADA56B1A-FC57-423C-BA04-7500B25E69FE}.Release|Any CPU.ActiveCfg = Release|Any CPU
		{ADA56B1A-FC57-423C-BA04-7500B25E69FE}.Release|Any CPU.Build.0 = Release|Any CPU
		{143BE668-DF9E-4806-9ECB-57B9CD8096B8}.Debug|Any CPU.ActiveCfg = Debug|Any CPU
		{143BE668-DF9E-4806-9ECB-57B9CD8096B8}.Debug|Any CPU.Build.0 = Debug|Any CPU
		{143BE668-DF9E-4806-9ECB-57B9CD8096B8}.Release|Any CPU.ActiveCfg = Release|Any CPU
		{143BE668-DF9E-4806-9ECB-57B9CD8096B8}.Release|Any CPU.Build.0 = Release|Any CPU
		{5C1F5E0C-536D-416A-992D-622050DAC453}.Debug|Any CPU.ActiveCfg = Debug|Any CPU
		{5C1F5E0C-536D-416A-992D-622050DAC453}.Debug|Any CPU.Build.0 = Debug|Any CPU
		{5C1F5E0C-536D-416A-992D-622050DAC453}.Release|Any CPU.ActiveCfg = Release|Any CPU
		{5C1F5E0C-536D-416A-992D-622050DAC453}.Release|Any CPU.Build.0 = Release|Any CPU
		{3218DA42-918B-43F5-BE4F-529110C52BCA}.Debug|Any CPU.ActiveCfg = Debug|Any CPU
		{3218DA42-918B-43F5-BE4F-529110C52BCA}.Debug|Any CPU.Build.0 = Debug|Any CPU
		{3218DA42-918B-43F5-BE4F-529110C52BCA}.Release|Any CPU.ActiveCfg = Release|Any CPU
		{3218DA42-918B-43F5-BE4F-529110C52BCA}.Release|Any CPU.Build.0 = Release|Any CPU
		{E63E87CC-005F-4538-828D-345A90D3C54B}.Debug|Any CPU.ActiveCfg = Debug|Any CPU
		{E63E87CC-005F-4538-828D-345A90D3C54B}.Debug|Any CPU.Build.0 = Debug|Any CPU
		{E63E87CC-005F-4538-828D-345A90D3C54B}.Release|Any CPU.ActiveCfg = Release|Any CPU
		{E63E87CC-005F-4538-828D-345A90D3C54B}.Release|Any CPU.Build.0 = Release|Any CPU
		{2848C539-ED15-4DB4-80ED-70676CFD00A6}.Debug|Any CPU.ActiveCfg = Debug|Any CPU
		{2848C539-ED15-4DB4-80ED-70676CFD00A6}.Debug|Any CPU.Build.0 = Debug|Any CPU
		{2848C539-ED15-4DB4-80ED-70676CFD00A6}.Release|Any CPU.ActiveCfg = Release|Any CPU
		{2848C539-ED15-4DB4-80ED-70676CFD00A6}.Release|Any CPU.Build.0 = Release|Any CPU
		{1D278961-C024-449B-B878-1DE256EB0715}.Debug|Any CPU.ActiveCfg = Debug|Any CPU
		{1D278961-C024-449B-B878-1DE256EB0715}.Debug|Any CPU.Build.0 = Debug|Any CPU
		{1D278961-C024-449B-B878-1DE256EB0715}.Release|Any CPU.ActiveCfg = Release|Any CPU
		{1D278961-C024-449B-B878-1DE256EB0715}.Release|Any CPU.Build.0 = Release|Any CPU
		{75394B3E-E733-4D6A-9917-0707908DC82D}.Debug|Any CPU.ActiveCfg = Debug|Any CPU
		{75394B3E-E733-4D6A-9917-0707908DC82D}.Debug|Any CPU.Build.0 = Debug|Any CPU
		{75394B3E-E733-4D6A-9917-0707908DC82D}.Release|Any CPU.ActiveCfg = Release|Any CPU
		{75394B3E-E733-4D6A-9917-0707908DC82D}.Release|Any CPU.Build.0 = Release|Any CPU
	EndGlobalSection
	GlobalSection(SolutionProperties) = preSolution
		HideSolutionNode = FALSE
	EndGlobalSection
	GlobalSection(NestedProjects) = preSolution
		{ADA56B1A-FC57-423C-BA04-7500B25E69FE} = {205421C1-CB25-4D86-81DB-43E8F6B901CA}
		{143BE668-DF9E-4806-9ECB-57B9CD8096B8} = {9997DDA8-4AC8-4C39-BC70-614209615611}
		{5C1F5E0C-536D-416A-992D-622050DAC453} = {DDF676C8-F755-4C8C-8BCC-F31D7B87C822}
		{3218DA42-918B-43F5-BE4F-529110C52BCA} = {5DD25082-E7AC-4414-8EA9-8471E8197DFA}
		{E63E87CC-005F-4538-828D-345A90D3C54B} = {205421C1-CB25-4D86-81DB-43E8F6B901CA}
		{2848C539-ED15-4DB4-80ED-70676CFD00A6} = {5DD25082-E7AC-4414-8EA9-8471E8197DFA}
		{1D278961-C024-449B-B878-1DE256EB0715} = {205421C1-CB25-4D86-81DB-43E8F6B901CA}
		{75394B3E-E733-4D6A-9917-0707908DC82D} = {8D0164DD-F16A-4B26-B64A-CA6394DF53CB}
		{304C4260-BECD-43D9-A710-DD2BAF1BC8EB} = {FFC64C02-39C0-486A-B402-A751FE669D8E}
		{64230CCD-333F-470D-B03F-0427FB10DA9A} = {FFC64C02-39C0-486A-B402-A751FE669D8E}
	EndGlobalSection
	GlobalSection(ExtensibilityGlobals) = postSolution
		SolutionGuid = {EC2E5F16-959A-4E56-92B5-B23F326A1342}
	EndGlobalSection
EndGlobal
